--- 
specs: 
- rake: 
    version: 0.8.7
- json_pure: 
    version: 1.4.3
- rubyforge: 
    version: 2.0.4
- hoe: 
    version: 2.6.1
- SyslogLogger: 
    version: 1.4.0
- SystemTimer: 
    version: "1.2"
- activesupport: 
    version: 2.3.4
- eventmachine: 
    version: 0.12.10
- amqp: 
    version: 0.6.7
- builder: 
    version: 2.1.2
- highline: 
    version: 1.5.2
- net-ssh: 
    version: 2.0.23
- net-scp: 
    version: 1.0.2
- net-sftp: 
    version: 2.0.4
- net-ssh-gateway: 
    version: 1.0.1
- capistrano: 
    version: 2.5.10
- capistrano-ext: 
    version: 1.2.1
- crack: 
    version: 0.1.6
- rubigen: 
    version: 1.5.2
- daemon-kit: 
    version: 0.1.7.12
- ezcrypto: 
    version: 0.7.2
- faker: 
    version: 0.3.1
- haml: 
    version: 2.2.24
- rdoc: 
    version: 2.3.0
- hanna: 
    version: 0.1.12
- hashie: 
    version: 0.2.0
- httparty: 
    version: 0.5.2
- json: 
    version: 1.4.3
- trollop: 
    version: 1.16.2
- larch: 
    version: 1.0.2
- machinist: 
    version: 1.0.6
- nokogiri: 
    version: 1.4.2
- mdalessio-dryopteris: 
    version: 0.1.2
- mime-types: 
    version: "1.16"
- oauth: 
    version: 0.4.0
- moomerman-twitter_oauth: 
    version: 0.2.1
- moqueue: 
    version: 0.1.4
- mysqlplus: 
    version: 0.1.2
- pauldix-sax-machine: 
    version: 0.0.14
- taf2-curb: 
    version: 0.5.4.0
- pauldix-feedzirra: 
    version: 0.0.18
- rack: 
    version: 1.1.0
- rcov: 
    version: 0.9.8
- rspec: 
    version: 1.3.0
- rspec-rails: 
    version: 1.3.2
- ruote: 
    version: 0.9.21
    source: 0
- ruote-external-workitem: 
    version: 0.1.0
- simianarmy-ruote-amqp: 
    version: 0.9.21
    source: 1
- spork: 
    version: 0.8.3
- yajl-ruby: 
    version: 0.7.6
- twitter: 
    version: 0.9.7
hash: 032006058c90a651424f6a82ff30bc5c54b04c22
sources: 
- Path: 
    name: ruote
    version: 0.9.21
    path: !ruby/object:Pathname 
      path: vendor/gems/ruote-0.9.21
- Path: 
    path: !ruby/object:Pathname 
      path: vendor/gems/simianarmy-ruote-amqp-0.9.21
- Rubygems: 
    uri: http://gemcutter.org
- Rubygems: 
    uri: http://rubygems.org
- Rubygems: 
    uri: http://gems.github.com
dependencies: 
  ruote: 
    version: = 0.9.21
    group: 
    - :default
  moomerman-twitter_oauth: 
    version: ">= 0"
    group: 
    - :default
  spork: 
    version: ">= 0"
    group: 
    - :test
  faker: 
    version: ">= 0"
    group: 
    - :test
  ezcrypto: 
    version: ">= 0"
    group: 
    - :default
  ruote-external-workitem: 
    version: = 0.1.0
    group: 
    - :default
  SystemTimer: 
    version: ">= 0"
    group: 
    - :default
  twitter: 
    version: ">= 0"
    group: 
    - :default
  nokogiri: 
    version: ">= 0"
    group: 
    - :default
  rspec: 
    version: = 1.3.0
    group: 
    - :test
  moqueue: 
    version: ">= 0"
    group: 
    - :test
  amqp: 
    version: = 0.6.7
    group: 
    - :default
  machinist: 
    version: ">= 0"
    group: 
    - :test
  rspec-rails: 
    version: ">= 0"
    group: 
    - :test
  simianarmy-ruote-amqp: 
    version: ">= 0"
    group: 
    - :default
  rcov: 
    version: ">= 0"
    group: 
    - :default
  daemon-kit: 
    version: ">= 0"
    group: 
    - :default
  eventmachine: 
    version: ">= 0"
    group: 
    - :default
  capistrano-ext: 
    version: = 1.2.1
    group: 
    - :default
  larch: 
    version: ">= 0"
    group: 
    - :default
  mysqlplus: 
    version: ">= 0"
    group: 
    - :default
  SyslogLogger: 
    version: ">= 0"
    group: 
    - :default
  pauldix-feedzirra: 
    version: ">= 0"
    group: 
    - :default
  hanna: 
    version: ">= 0"
    group: 
    - :default
  capistrano: 
    version: = 2.5.10
    group: 
    - :default
  activesupport: 
    version: = 2.3.4
    group: 
    - :default
  rubigen: 
    version: ">= 0"
    group: 
    - :default
